
Microsoft Visual Studio Solution File, Format Version 12.00
# Visual Studio Version 17
VisualStudioVersion = 17.1.32210.238
MinimumVisualStudioVersion = 10.0.40219.1
Project("{FAE04EC0-301F-11D3-BF4B-00C04F79EFBC}") = "mod3_1302204075", "mod3_1302204075.csproj", "{067F2AE8-88EA-46F0-BD73-B2304CDCD2E4}"
EndProject
Global
	GlobalSection(SolutionConfigurationPlatforms) = preSolution
		Debug|Any CPU = Debug|Any CPU
		Release|Any CPU = Release|Any CPU
	EndGlobalSection
	GlobalSection(ProjectConfigurationPlatforms) = postSolution
		{067F2AE8-88EA-46F0-BD73-B2304CDCD2E4}.Debug|Any CPU.ActiveCfg = Debug|Any CPU
		{067F2AE8-88EA-46F0-BD73-B2304CDCD2E4}.Debug|Any CPU.Build.0 = Debug|Any CPU
		{067F2AE8-88EA-46F0-BD73-B2304CDCD2E4}.Release|Any CPU.ActiveCfg = Release|Any CPU
		{067F2AE8-88EA-46F0-BD73-B2304CDCD2E4}.Release|Any CPU.Build.0 = Release|Any CPU
	EndGlobalSection
	GlobalSection(SolutionProperties) = preSolution
		HideSolutionNode = FALSE
	EndGlobalSection
	GlobalSection(ExtensibilityGlobals) = postSolution
		SolutionGuid = {867CAB89-A7A9-4705-9251-5E08BAAA7B05}
	EndGlobalSection
EndGlobal
